
Microsoft Visual Studio Solution File, Format Version 12.00
# Visual Studio 15
VisualStudioVersion = 15.0.27428.2043
MinimumVisualStudioVersion = 10.0.40219.1
Project("{FAE04EC0-301F-11D3-BF4B-00C04F79EFBC}") = "IpApi", "IpApi\IpApi.csproj", "{5D8A8C87-FD67-479C-990B-142C4E78B5A3}"
EndProject
Project("{2150E333-8FDC-42A3-9474-1A3956D46DE8}") = "ExternalApi", "ExternalApi", "{7BC6C272-5305-4CA9-8C8E-5C553A9A71E6}"
EndProject
Project("{FAE04EC0-301F-11D3-BF4B-00C04F79EFBC}") = "ExternalApi.Implementation", "ExternalApi\ExternalApi.Implementation\ExternalApi.Implementation.csproj", "{C8168849-6157-4C48-858A-4418D52BD995}"
EndProject
Project("{FAE04EC0-301F-11D3-BF4B-00C04F79EFBC}") = "ExternalApi.Interfaces", "ExternalApi\ExternalApi.Interfaces\ExternalApi.Interfaces.csproj", "{C06E3C8F-0692-4DF0-92B9-9D5BD4C80FB5}"
EndProject
Project("{FAE04EC0-301F-11D3-BF4B-00C04F79EFBC}") = "ExternalApi.Types", "ExternalApi\ExternalApi.Types\ExternalApi.Types.csproj", "{5DDB38A1-A1C0-4B24-9CE6-DBE6677356BE}"
EndProject
Project("{FAE04EC0-301F-11D3-BF4B-00C04F79EFBC}") = "ExternalApi.Exceptions", "ExternalApi\ExternalApi.Exceptions\ExternalApi.Exceptions.csproj", "{ED09269C-31A8-4053-8AFA-AA125C5C0B9A}"
EndProject
Global
	GlobalSection(SolutionConfigurationPlatforms) = preSolution
		Debug|Any CPU = Debug|Any CPU
		Release|Any CPU = Release|Any CPU
	EndGlobalSection
	GlobalSection(ProjectConfigurationPlatforms) = postSolution
		{5D8A8C87-FD67-479C-990B-142C4E78B5A3}.Debug|Any CPU.ActiveCfg = Debug|Any CPU
		{5D8A8C87-FD67-479C-990B-142C4E78B5A3}.Debug|Any CPU.Build.0 = Debug|Any CPU
		{5D8A8C87-FD67-479C-990B-142C4E78B5A3}.Release|Any CPU.ActiveCfg = Release|Any CPU
		{5D8A8C87-FD67-479C-990B-142C4E78B5A3}.Release|Any CPU.Build.0 = Release|Any CPU
		{C8168849-6157-4C48-858A-4418D52BD995}.Debug|Any CPU.ActiveCfg = Debug|Any CPU
		{C8168849-6157-4C48-858A-4418D52BD995}.Debug|Any CPU.Build.0 = Debug|Any CPU
		{C8168849-6157-4C48-858A-4418D52BD995}.Release|Any CPU.ActiveCfg = Release|Any CPU
		{C8168849-6157-4C48-858A-4418D52BD995}.Release|Any CPU.Build.0 = Release|Any CPU
		{C06E3C8F-0692-4DF0-92B9-9D5BD4C80FB5}.Debug|Any CPU.ActiveCfg = Debug|Any CPU
		{C06E3C8F-0692-4DF0-92B9-9D5BD4C80FB5}.Debug|Any CPU.Build.0 = Debug|Any CPU
		{C06E3C8F-0692-4DF0-92B9-9D5BD4C80FB5}.Release|Any CPU.ActiveCfg = Release|Any CPU
		{C06E3C8F-0692-4DF0-92B9-9D5BD4C80FB5}.Release|Any CPU.Build.0 = Release|Any CPU
		{5DDB38A1-A1C0-4B24-9CE6-DBE6677356BE}.Debug|Any CPU.ActiveCfg = Debug|Any CPU
		{5DDB38A1-A1C0-4B24-9CE6-DBE6677356BE}.Debug|Any CPU.Build.0 = Debug|Any CPU
		{5DDB38A1-A1C0-4B24-9CE6-DBE6677356BE}.Release|Any CPU.ActiveCfg = Release|Any CPU
		{5DDB38A1-A1C0-4B24-9CE6-DBE6677356BE}.Release|Any CPU.Build.0 = Release|Any CPU
		{ED09269C-31A8-4053-8AFA-AA125C5C0B9A}.Debug|Any CPU.ActiveCfg = Debug|Any CPU
		{ED09269C-31A8-4053-8AFA-AA125C5C0B9A}.Debug|Any CPU.Build.0 = Debug|Any CPU
		{ED09269C-31A8-4053-8AFA-AA125C5C0B9A}.Release|Any CPU.ActiveCfg = Release|Any CPU
		{ED09269C-31A8-4053-8AFA-AA125C5C0B9A}.Release|Any CPU.Build.0 = Release|Any CPU
	EndGlobalSection
	GlobalSection(SolutionProperties) = preSolution
		HideSolutionNode = FALSE
	EndGlobalSection
	GlobalSection(NestedProjects) = preSolution
		{C8168849-6157-4C48-858A-4418D52BD995} = {7BC6C272-5305-4CA9-8C8E-5C553A9A71E6}
		{C06E3C8F-0692-4DF0-92B9-9D5BD4C80FB5} = {7BC6C272-5305-4CA9-8C8E-5C553A9A71E6}
		{5DDB38A1-A1C0-4B24-9CE6-DBE6677356BE} = {7BC6C272-5305-4CA9-8C8E-5C553A9A71E6}
		{ED09269C-31A8-4053-8AFA-AA125C5C0B9A} = {7BC6C272-5305-4CA9-8C8E-5C553A9A71E6}
	EndGlobalSection
	GlobalSection(ExtensibilityGlobals) = postSolution
		SolutionGuid = {D24A164F-4889-443C-BED4-1951AE00BE57}
	EndGlobalSection
EndGlobal
